
Microsoft Visual Studio Solution File, Format Version 12.00
# Visual Studio Version 16
VisualStudioVersion = 16.0.30503.244
MinimumVisualStudioVersion = 15.0.26124.0
Project("{9A19103F-16F7-4668-BE54-9A1E7A4F7556}") = "QuickBuy.Dominio", "QuickBuy.Dominio\QuickBuy.Dominio.csproj", "{31D8A8BF-36C0-4A48-811C-444AF842B08E}"
EndProject
Project("{9A19103F-16F7-4668-BE54-9A1E7A4F7556}") = "QuickBuy.Repositorio", "QuickBuy.Repositorio\QuickBuy.Repositorio.csproj", "{04CA9FBE-3F8E-459D-A72C-3F3FFC74EA03}"
EndProject
Project("{9A19103F-16F7-4668-BE54-9A1E7A4F7556}") = "QuickBuy.Web", "QuickBuy.Web\QuickBuy.Web.csproj", "{D7DB5C97-3A6D-4B6E-952C-DFDCC5CDF3F9}"
EndProject
Global
	GlobalSection(SolutionConfigurationPlatforms) = preSolution
		Debug|Any CPU = Debug|Any CPU
		Debug|x64 = Debug|x64
		Debug|x86 = Debug|x86
		Release|Any CPU = Release|Any CPU
		Release|x64 = Release|x64
		Release|x86 = Release|x86
	EndGlobalSection
	GlobalSection(ProjectConfigurationPlatforms) = postSolution
		{31D8A8BF-36C0-4A48-811C-444AF842B08E}.Debug|Any CPU.ActiveCfg = Debug|Any CPU
		{31D8A8BF-36C0-4A48-811C-444AF842B08E}.Debug|Any CPU.Build.0 = Debug|Any CPU
		{31D8A8BF-36C0-4A48-811C-444AF842B08E}.Debug|x64.ActiveCfg = Debug|Any CPU
		{31D8A8BF-36C0-4A48-811C-444AF842B08E}.Debug|x64.Build.0 = Debug|Any CPU
		{31D8A8BF-36C0-4A48-811C-444AF842B08E}.Debug|x86.ActiveCfg = Debug|Any CPU
		{31D8A8BF-36C0-4A48-811C-444AF842B08E}.Debug|x86.Build.0 = Debug|Any CPU
		{31D8A8BF-36C0-4A48-811C-444AF842B08E}.Release|Any CPU.ActiveCfg = Release|Any CPU
		{31D8A8BF-36C0-4A48-811C-444AF842B08E}.Release|Any CPU.Build.0 = Release|Any CPU
		{31D8A8BF-36C0-4A48-811C-444AF842B08E}.Release|x64.ActiveCfg = Release|Any CPU
		{31D8A8BF-36C0-4A48-811C-444AF842B08E}.Release|x64.Build.0 = Release|Any CPU
		{31D8A8BF-36C0-4A48-811C-444AF842B08E}.Release|x86.ActiveCfg = Release|Any CPU
		{31D8A8BF-36C0-4A48-811C-444AF842B08E}.Release|x86.Build.0 = Release|Any CPU
		{04CA9FBE-3F8E-459D-A72C-3F3FFC74EA03}.Debug|Any CPU.ActiveCfg = Debug|Any CPU
		{04CA9FBE-3F8E-459D-A72C-3F3FFC74EA03}.Debug|Any CPU.Build.0 = Debug|Any CPU
		{04CA9FBE-3F8E-459D-A72C-3F3FFC74EA03}.Debug|x64.ActiveCfg = Debug|Any CPU
		{04CA9FBE-3F8E-459D-A72C-3F3FFC74EA03}.Debug|x64.Build.0 = Debug|Any CPU
		{04CA9FBE-3F8E-459D-A72C-3F3FFC74EA03}.Debug|x86.ActiveCfg = Debug|Any CPU
		{04CA9FBE-3F8E-459D-A72C-3F3FFC74EA03}.Debug|x86.Build.0 = Debug|Any CPU
		{04CA9FBE-3F8E-459D-A72C-3F3FFC74EA03}.Release|Any CPU.ActiveCfg = Release|Any CPU
		{04CA9FBE-3F8E-459D-A72C-3F3FFC74EA03}.Release|Any CPU.Build.0 = Release|Any CPU
		{04CA9FBE-3F8E-459D-A72C-3F3FFC74EA03}.Release|x64.ActiveCfg = Release|Any CPU
		{04CA9FBE-3F8E-459D-A72C-3F3FFC74EA03}.Release|x64.Build.0 = Release|Any CPU
		{04CA9FBE-3F8E-459D-A72C-3F3FFC74EA03}.Release|x86.ActiveCfg = Release|Any CPU
		{04CA9FBE-3F8E-459D-A72C-3F3FFC74EA03}.Release|x86.Build.0 = Release|Any CPU
		{D7DB5C97-3A6D-4B6E-952C-DFDCC5CDF3F9}.Debug|Any CPU.ActiveCfg = Debug|Any CPU
		{D7DB5C97-3A6D-4B6E-952C-DFDCC5CDF3F9}.Debug|Any CPU.Build.0 = Debug|Any CPU
		{D7DB5C97-3A6D-4B6E-952C-DFDCC5CDF3F9}.Debug|x64.ActiveCfg = Debug|Any CPU
		{D7DB5C97-3A6D-4B6E-952C-DFDCC5CDF3F9}.Debug|x64.Build.0 = Debug|Any CPU
		{D7DB5C97-3A6D-4B6E-952C-DFDCC5CDF3F9}.Debug|x86.ActiveCfg = Debug|Any CPU
		{D7DB5C97-3A6D-4B6E-952C-DFDCC5CDF3F9}.Debug|x86.Build.0 = Debug|Any CPU
		{D7DB5C97-3A6D-4B6E-952C-DFDCC5CDF3F9}.Release|Any CPU.ActiveCfg = Release|Any CPU
		{D7DB5C97-3A6D-4B6E-952C-DFDCC5CDF3F9}.Release|Any CPU.Build.0 = Release|Any CPU
		{D7DB5C97-3A6D-4B6E-952C-DFDCC5CDF3F9}.Release|x64.ActiveCfg = Release|Any CPU
		{D7DB5C97-3A6D-4B6E-952C-DFDCC5CDF3F9}.Release|x64.Build.0 = Release|Any CPU
		{D7DB5C97-3A6D-4B6E-952C-DFDCC5CDF3F9}.Release|x86.ActiveCfg = Release|Any CPU
		{D7DB5C97-3A6D-4B6E-952C-DFDCC5CDF3F9}.Release|x86.Build.0 = Release|Any CPU
	EndGlobalSection
	GlobalSection(SolutionProperties) = preSolution
		HideSolutionNode = FALSE
	EndGlobalSection
	GlobalSection(ExtensibilityGlobals) = postSolution
		SolutionGuid = {35121F32-5C1E-4916-89E2-AFC9F77A31E8}
	EndGlobalSection
EndGlobal
